
Microsoft Visual Studio Solution File, Format Version 12.00
# Visual Studio 15
VisualStudioVersion = 15.0.27703.2047
MinimumVisualStudioVersion = 10.0.40219.1
Project("{FAE04EC0-301F-11D3-BF4B-00C04F79EFBC}") = "Vidly", "Vidly\Vidly.csproj", "{116D5C92-A497-43C3-9D21-5B9EF6A6032A}"
EndProject
Project("{FAE04EC0-301F-11D3-BF4B-00C04F79EFBC}") = "Vidly.Tests", "Vidly.Tests\Vidly.Tests.csproj", "{C790D331-F3C1-4936-8A1D-1472D049BECE}"
EndProject
Global
	GlobalSection(SolutionConfigurationPlatforms) = preSolution
		Debug|Any CPU = Debug|Any CPU
		Release|Any CPU = Release|Any CPU
	EndGlobalSection
	GlobalSection(ProjectConfigurationPlatforms) = postSolution
		{116D5C92-A497-43C3-9D21-5B9EF6A6032A}.Debug|Any CPU.ActiveCfg = Debug|Any CPU
		{116D5C92-A497-43C3-9D21-5B9EF6A6032A}.Debug|Any CPU.Build.0 = Debug|Any CPU
		{116D5C92-A497-43C3-9D21-5B9EF6A6032A}.Release|Any CPU.ActiveCfg = Release|Any CPU
		{116D5C92-A497-43C3-9D21-5B9EF6A6032A}.Release|Any CPU.Build.0 = Release|Any CPU
		{C790D331-F3C1-4936-8A1D-1472D049BECE}.Debug|Any CPU.ActiveCfg = Debug|Any CPU
		{C790D331-F3C1-4936-8A1D-1472D049BECE}.Debug|Any CPU.Build.0 = Debug|Any CPU
		{C790D331-F3C1-4936-8A1D-1472D049BECE}.Release|Any CPU.ActiveCfg = Release|Any CPU
		{C790D331-F3C1-4936-8A1D-1472D049BECE}.Release|Any CPU.Build.0 = Release|Any CPU
	EndGlobalSection
	GlobalSection(SolutionProperties) = preSolution
		HideSolutionNode = FALSE
	EndGlobalSection
	GlobalSection(ExtensibilityGlobals) = postSolution
		SolutionGuid = {D91A6088-925A-498A-96D4-0321E48C5906}
	EndGlobalSection
EndGlobal
